
Microsoft Visual Studio Solution File, Format Version 11.00
# Visual Studio 2010
Project("{FAE04EC0-301F-11D3-BF4B-00C04F79EFBC}") = "LetMeRate.Web", "LetMeRate.Web\LetMeRate.Web.csproj", "{9775047C-ECF9-40F6-98A6-D71FC6DF293F}"
EndProject
Project("{FAE04EC0-301F-11D3-BF4B-00C04F79EFBC}") = "LetMeRate.Web.Acceptance.Specs", "LetMeRate.Web.Acceptance.Specs\LetMeRate.Web.Acceptance.Specs.csproj", "{0341E79D-157F-4737-BB1E-72FE0094B7F7}"
EndProject
Project("{2150E333-8FDC-42A3-9474-1A3956D46DE8}") = "Testing", "Testing", "{8C7CB858-8E46-4B32-ADDB-5A68C020AB62}"
EndProject
Project("{FAE04EC0-301F-11D3-BF4B-00C04F79EFBC}") = "LetMeRate.Application", "LetMeRate.Application\LetMeRate.Application.csproj", "{43AEA94D-7007-473A-A113-7A7FE702E25B}"
EndProject
Project("{FAE04EC0-301F-11D3-BF4B-00C04F79EFBC}") = "LetMeRate.Application.Specs", "LetMeRate.Application.Specs\LetMeRate.Application.Specs.csproj", "{6155E882-24BA-4B7D-B92C-355DF8CD4763}"
EndProject
Project("{FAE04EC0-301F-11D3-BF4B-00C04F79EFBC}") = "LetMeRate.Common", "LetMeRate.Common\LetMeRate.Common.csproj", "{FA32E03C-1BB2-46E5-89A4-B67BF09F10BD}"
EndProject
Project("{FAE04EC0-301F-11D3-BF4B-00C04F79EFBC}") = "LetMeRate.Web.Specs", "LetMeRate.Web.Specs\LetMeRate.Web.Specs.csproj", "{1711F58E-EBBB-4C7B-B2C7-3F3FF5FDAC46}"
EndProject
Global
	GlobalSection(SolutionConfigurationPlatforms) = preSolution
		Debug|Any CPU = Debug|Any CPU
		Release|Any CPU = Release|Any CPU
	EndGlobalSection
	GlobalSection(ProjectConfigurationPlatforms) = postSolution
		{9775047C-ECF9-40F6-98A6-D71FC6DF293F}.Debug|Any CPU.ActiveCfg = Debug|Any CPU
		{9775047C-ECF9-40F6-98A6-D71FC6DF293F}.Debug|Any CPU.Build.0 = Debug|Any CPU
		{9775047C-ECF9-40F6-98A6-D71FC6DF293F}.Release|Any CPU.ActiveCfg = Release|Any CPU
		{9775047C-ECF9-40F6-98A6-D71FC6DF293F}.Release|Any CPU.Build.0 = Release|Any CPU
		{0341E79D-157F-4737-BB1E-72FE0094B7F7}.Debug|Any CPU.ActiveCfg = Debug|Any CPU
		{0341E79D-157F-4737-BB1E-72FE0094B7F7}.Debug|Any CPU.Build.0 = Debug|Any CPU
		{0341E79D-157F-4737-BB1E-72FE0094B7F7}.Release|Any CPU.ActiveCfg = Release|Any CPU
		{0341E79D-157F-4737-BB1E-72FE0094B7F7}.Release|Any CPU.Build.0 = Release|Any CPU
		{43AEA94D-7007-473A-A113-7A7FE702E25B}.Debug|Any CPU.ActiveCfg = Debug|Any CPU
		{43AEA94D-7007-473A-A113-7A7FE702E25B}.Debug|Any CPU.Build.0 = Debug|Any CPU
		{43AEA94D-7007-473A-A113-7A7FE702E25B}.Release|Any CPU.ActiveCfg = Release|Any CPU
		{43AEA94D-7007-473A-A113-7A7FE702E25B}.Release|Any CPU.Build.0 = Release|Any CPU
		{6155E882-24BA-4B7D-B92C-355DF8CD4763}.Debug|Any CPU.ActiveCfg = Debug|Any CPU
		{6155E882-24BA-4B7D-B92C-355DF8CD4763}.Debug|Any CPU.Build.0 = Debug|Any CPU
		{6155E882-24BA-4B7D-B92C-355DF8CD4763}.Release|Any CPU.ActiveCfg = Release|Any CPU
		{6155E882-24BA-4B7D-B92C-355DF8CD4763}.Release|Any CPU.Build.0 = Release|Any CPU
		{FA32E03C-1BB2-46E5-89A4-B67BF09F10BD}.Debug|Any CPU.ActiveCfg = Debug|Any CPU
		{FA32E03C-1BB2-46E5-89A4-B67BF09F10BD}.Debug|Any CPU.Build.0 = Debug|Any CPU
		{FA32E03C-1BB2-46E5-89A4-B67BF09F10BD}.Release|Any CPU.ActiveCfg = Release|Any CPU
		{FA32E03C-1BB2-46E5-89A4-B67BF09F10BD}.Release|Any CPU.Build.0 = Release|Any CPU
		{1711F58E-EBBB-4C7B-B2C7-3F3FF5FDAC46}.Debug|Any CPU.ActiveCfg = Debug|Any CPU
		{1711F58E-EBBB-4C7B-B2C7-3F3FF5FDAC46}.Debug|Any CPU.Build.0 = Debug|Any CPU
		{1711F58E-EBBB-4C7B-B2C7-3F3FF5FDAC46}.Release|Any CPU.ActiveCfg = Release|Any CPU
		{1711F58E-EBBB-4C7B-B2C7-3F3FF5FDAC46}.Release|Any CPU.Build.0 = Release|Any CPU
	EndGlobalSection
	GlobalSection(SolutionProperties) = preSolution
		HideSolutionNode = FALSE
	EndGlobalSection
	GlobalSection(NestedProjects) = preSolution
		{0341E79D-157F-4737-BB1E-72FE0094B7F7} = {8C7CB858-8E46-4B32-ADDB-5A68C020AB62}
		{6155E882-24BA-4B7D-B92C-355DF8CD4763} = {8C7CB858-8E46-4B32-ADDB-5A68C020AB62}
		{1711F58E-EBBB-4C7B-B2C7-3F3FF5FDAC46} = {8C7CB858-8E46-4B32-ADDB-5A68C020AB62}
	EndGlobalSection
EndGlobal
